
Microsoft Visual Studio Solution File, Format Version 12.00
# Visual Studio Version 17
VisualStudioVersion = 17.5.002.0
MinimumVisualStudioVersion = 10.0.40219.1
Project("{9A19103F-16F7-4668-BE54-9A1E7A4F7556}") = "ProductMicroservice", "ProductMicroservice\ProductMicroservice.csproj", "{693092DA-76BA-4522-9460-BEA99D511249}"
EndProject
Global
	GlobalSection(SolutionConfigurationPlatforms) = preSolution
		Debug|Any CPU = Debug|Any CPU
		Release|Any CPU = Release|Any CPU
	EndGlobalSection
	GlobalSection(ProjectConfigurationPlatforms) = postSolution
		{693092DA-76BA-4522-9460-BEA99D511249}.Debug|Any CPU.ActiveCfg = Debug|Any CPU
		{693092DA-76BA-4522-9460-BEA99D511249}.Debug|Any CPU.Build.0 = Debug|Any CPU
		{693092DA-76BA-4522-9460-BEA99D511249}.Release|Any CPU.ActiveCfg = Release|Any CPU
		{693092DA-76BA-4522-9460-BEA99D511249}.Release|Any CPU.Build.0 = Release|Any CPU
	EndGlobalSection
	GlobalSection(SolutionProperties) = preSolution
		HideSolutionNode = FALSE
	EndGlobalSection
	GlobalSection(ExtensibilityGlobals) = postSolution
		SolutionGuid = {2BABB4B4-5389-4D61-9196-C23A920497DD}
	EndGlobalSection
EndGlobal
